// !$*UTF8*$!
{
	archiveVersion = 1;
	classes = {
	};
	objectVersion = 46;
	objects = {

/* Begin PBXBuildFile section */
		93932D0B1D545902003A916C /* fourpage-375w-667h@2x.jpg in Resources */ = {isa = PBXBuildFile; fileRef = 93932CAE1D545902003A916C /* fourpage-375w-667h@2x.jpg */; };
		93932D0C1D545902003A916C /* fourpage-414w-736h@3x.jpg in Resources */ = {isa = PBXBuildFile; fileRef = 93932CAF1D545902003A916C /* fourpage-414w-736h@3x.jpg */; };
		93932D0D1D545902003A916C /* fourpage-568h@2x.jpg in Resources */ = {isa = PBXBuildFile; fileRef = 93932CB01D545902003A916C /* fourpage-568h@2x.jpg */; };
		93932D0E1D545902003A916C /* fourpage@2x.jpg in Resources */ = {isa = PBXBuildFile; fileRef = 93932CB11D545902003A916C /* fourpage@2x.jpg */; };
		93932D161D545902003A916C /* MKAnnotationView+WebCache.m in Sources */ = {isa = PBXBuildFile; fileRef = 93932CC61D545902003A916C /* MKAnnotationView+WebCache.m */; };
		93932D171D545902003A916C /* NSData+ImageContentType.m in Sources */ = {isa = PBXBuildFile; fileRef = 93932CC81D545902003A916C /* NSData+ImageContentType.m */; };
		93932D181D545902003A916C /* SDImageCache.m in Sources */ = {isa = PBXBuildFile; fileRef = 93932CCA1D545902003A916C /* SDImageCache.m */; };
		93932D191D545902003A916C /* SDWebImageCompat.m in Sources */ = {isa = PBXBuildFile; fileRef = 93932CCC1D545902003A916C /* SDWebImageCompat.m */; };
		93932D1A1D545902003A916C /* SDWebImageDecoder.m in Sources */ = {isa = PBXBuildFile; fileRef = 93932CCE1D545902003A916C /* SDWebImageDecoder.m */; };
		93932D1B1D545902003A916C /* SDWebImageDownloader.m in Sources */ = {isa = PBXBuildFile; fileRef = 93932CD01D545902003A916C /* SDWebImageDownloader.m */; };
		93932D1C1D545902003A916C /* SDWebImageDownloaderOperation.m in Sources */ = {isa = PBXBuildFile; fileRef = 93932CD21D545902003A916C /* SDWebImageDownloaderOperation.m */; };
		93932D1D1D545902003A916C /* SDWebImageManager.m in Sources */ = {isa = PBXBuildFile; fileRef = 93932CD41D545902003A916C /* SDWebImageManager.m */; };
		93932D1E1D545902003A916C /* SDWebImagePrefetcher.m in Sources */ = {isa = PBXBuildFile; fileRef = 93932CD71D545902003A916C /* SDWebImagePrefetcher.m */; };
		93932D1F1D545902003A916C /* UIButton+WebCache.m in Sources */ = {isa = PBXBuildFile; fileRef = 93932CD91D545902003A916C /* UIButton+WebCache.m */; };
		93932D201D545902003A916C /* UIImage+GIF.m in Sources */ = {isa = PBXBuildFile; fileRef = 93932CDB1D545902003A916C /* UIImage+GIF.m */; };
		93932D211D545902003A916C /* UIImage+MultiFormat.m in Sources */ = {isa = PBXBuildFile; fileRef = 93932CDD1D545902003A916C /* UIImage+MultiFormat.m */; };
		93932D221D545902003A916C /* UIImage+WebP.m in Sources */ = {isa = PBXBuildFile; fileRef = 93932CDF1D545902003A916C /* UIImage+WebP.m */; };
		93932D231D545902003A916C /* UIImageView+HighlightedWebCache.m in Sources */ = {isa = PBXBuildFile; fileRef = 93932CE11D545902003A916C /* UIImageView+HighlightedWebCache.m */; };
		93932D241D545902003A916C /* UIImageView+WebCache.m in Sources */ = {isa = PBXBuildFile; fileRef = 93932CE31D545902003A916C /* UIImageView+WebCache.m */; };
		93932D251D545902003A916C /* UIView+WebCacheOperation.m in Sources */ = {isa = PBXBuildFile; fileRef = 93932CE51D545902003A916C /* UIView+WebCacheOperation.m */; };
		93932D261D545902003A916C /* UMSocialLocalizable.strings in Resources */ = {isa = PBXBuildFile; fileRef = 93932CE71D545902003A916C /* UMSocialLocalizable.strings */; };
		93932D271D545902003A916C /* libUMSocial_Sdk_4.2.3.a in Frameworks */ = {isa = PBXBuildFile; fileRef = 93932CF51D545902003A916C /* libUMSocial_Sdk_4.2.3.a */; };
		93932D281D545902003A916C /* UMSCommentDetailController.xib in Resources */ = {isa = PBXBuildFile; fileRef = 93932CF71D545902003A916C /* UMSCommentDetailController.xib */; };
		93932D291D545902003A916C /* UMSCommentInputController.xib in Resources */ = {isa = PBXBuildFile; fileRef = 93932CF81D545902003A916C /* UMSCommentInputController.xib */; };
		93932D2A1D545902003A916C /* UMSCommentInputControlleriPad.xib in Resources */ = {isa = PBXBuildFile; fileRef = 93932CF91D545902003A916C /* UMSCommentInputControlleriPad.xib */; };
		93932D2B1D545902003A916C /* UMShareEditViewController.xib in Resources */ = {isa = PBXBuildFile; fileRef = 93932CFA1D545902003A916C /* UMShareEditViewController.xib */; };
		93932D2C1D545902003A916C /* UMShareEditViewControlleriPad.xib in Resources */ = {isa = PBXBuildFile; fileRef = 93932CFB1D545902003A916C /* UMShareEditViewControlleriPad.xib */; };
		93932D2D1D545902003A916C /* UMSLoginViewController.xib in Resources */ = {isa = PBXBuildFile; fileRef = 93932CFC1D545902003A916C /* UMSLoginViewController.xib */; };
		93932D2E1D545902003A916C /* UMSnsAccountViewController.xib in Resources */ = {isa = PBXBuildFile; fileRef = 93932CFD1D545902003A916C /* UMSnsAccountViewController.xib */; };
		93932D2F1D545902003A916C /* UMSShareListController.xib in Resources */ = {isa = PBXBuildFile; fileRef = 93932CFE1D545902003A916C /* UMSShareListController.xib */; };
		93932D301D545902003A916C /* UMSocialSDKResourcesNew.bundle in Resources */ = {isa = PBXBuildFile; fileRef = 93932CFF1D545902003A916C /* UMSocialSDKResourcesNew.bundle */; };
		93932D311D545902003A916C /* libSocialSina.a in Frameworks */ = {isa = PBXBuildFile; fileRef = 93932D031D545902003A916C /* libSocialSina.a */; };
		93932D321D545902003A916C /* libSocialWechat.a in Frameworks */ = {isa = PBXBuildFile; fileRef = 93932D061D545902003A916C /* libSocialWechat.a */; };
		93932D331D545902003A916C /* libWeChatSDK.a in Frameworks */ = {isa = PBXBuildFile; fileRef = 93932D071D545902003A916C /* libWeChatSDK.a */; };
		93932D371D5461B6003A916C /* MainTabBarController.swift in Sources */ = {isa = PBXBuildFile; fileRef = 93932D361D5461B6003A916C /* MainTabBarController.swift */; };
		93932D411D546456003A916C /* RegExCategories.m in Sources */ = {isa = PBXBuildFile; fileRef = 93932D3A1D546456003A916C /* RegExCategories.m */; };
		93932D431D546456003A916C /* UIBarButtonItem+wxnBarButtonItem.swift in Sources */ = {isa = PBXBuildFile; fileRef = 93932D3C1D546456003A916C /* UIBarButtonItem+wxnBarButtonItem.swift */; };
		93932D441D546456003A916C /* UIColor+wnxColor.swift in Sources */ = {isa = PBXBuildFile; fileRef = 93932D3D1D546456003A916C /* UIColor+wnxColor.swift */; };
		93932D451D546456003A916C /* UIImage+wnxImage.swift in Sources */ = {isa = PBXBuildFile; fileRef = 93932D3E1D546456003A916C /* UIImage+wnxImage.swift */; };
		93932D461D546456003A916C /* UIImageView+wnxImage.swift in Sources */ = {isa = PBXBuildFile; fileRef = 93932D3F1D546456003A916C /* UIImageView+wnxImage.swift */; };
		93932D471D546456003A916C /* UIView+wnxView.swift in Sources */ = {isa = PBXBuildFile; fileRef = 93932D401D546456003A916C /* UIView+wnxView.swift */; };
		93932D491D546476003A916C /* theme.swift in Sources */ = {isa = PBXBuildFile; fileRef = 93932D481D546476003A916C /* theme.swift */; };
		93932D531D5468E9003A916C /* MainNavigationController.swift in Sources */ = {isa = PBXBuildFile; fileRef = 93932D521D5468E9003A916C /* MainNavigationController.swift */; };
		93932D551D54703A003A916C /* MainViewController.swift in Sources */ = {isa = PBXBuildFile; fileRef = 93932D541D54703A003A916C /* MainViewController.swift */; };
		93932D571D5472D5003A916C /* ExploreViewController.swift in Sources */ = {isa = PBXBuildFile; fileRef = 93932D561D5472D5003A916C /* ExploreViewController.swift */; };
		93932D591D5472F6003A916C /* MeViewController.swift in Sources */ = {isa = PBXBuildFile; fileRef = 93932D581D5472F6003A916C /* MeViewController.swift */; };
		93932D5B1D547323003A916C /* ExperienceViewController.swift in Sources */ = {isa = PBXBuildFile; fileRef = 93932D5A1D547323003A916C /* ExperienceViewController.swift */; };
		93932D5D1D547334003A916C /* ClassifyViewController.swift in Sources */ = {isa = PBXBuildFile; fileRef = 93932D5C1D547334003A916C /* ClassifyViewController.swift */; };
		93AEFB8B1D542F77001FB004 /* AppDelegate.swift in Sources */ = {isa = PBXBuildFile; fileRef = 93AEFB8A1D542F77001FB004 /* AppDelegate.swift */; };
		93AEFB921D542F77001FB004 /* Assets.xcassets in Resources */ = {isa = PBXBuildFile; fileRef = 93AEFB911D542F77001FB004 /* Assets.xcassets */; };
		93AEFB951D542F77001FB004 /* LaunchScreen.storyboard in Resources */ = {isa = PBXBuildFile; fileRef = 93AEFB931D542F77001FB004 /* LaunchScreen.storyboard */; };
		93AEFBA01D542F77001FB004 /* SmallDayTests.swift in Sources */ = {isa = PBXBuildFile; fileRef = 93AEFB9F1D542F77001FB004 /* SmallDayTests.swift */; };
/* End PBXBuildFile section */

/* Begin PBXContainerItemProxy section */
		93AEFB9C1D542F77001FB004 /* PBXContainerItemProxy */ = {
			isa = PBXContainerItemProxy;
			containerPortal = 93AEFB7F1D542F76001FB004 /* Project object */;
			proxyType = 1;
			remoteGlobalIDString = 93AEFB861D542F77001FB004;
			remoteInfo = SmallDay;
		};
/* End PBXContainerItemProxy section */

/* Begin PBXFileReference section */
		93932CAE1D545902003A916C /* fourpage-375w-667h@2x.jpg */ = {isa = PBXFileReference; lastKnownFileType = image.jpeg; path = "fourpage-375w-667h@2x.jpg"; sourceTree = "<group>"; };
		93932CAF1D545902003A916C /* fourpage-414w-736h@3x.jpg */ = {isa = PBXFileReference; lastKnownFileType = image.jpeg; path = "fourpage-414w-736h@3x.jpg"; sourceTree = "<group>"; };
		93932CB01D545902003A916C /* fourpage-568h@2x.jpg */ = {isa = PBXFileReference; lastKnownFileType = image.jpeg; path = "fourpage-568h@2x.jpg"; sourceTree = "<group>"; };
		93932CB11D545902003A916C /* fourpage@2x.jpg */ = {isa = PBXFileReference; lastKnownFileType = image.jpeg; path = "fourpage@2x.jpg"; sourceTree = "<group>"; };
		93932CC51D545902003A916C /* MKAnnotationView+WebCache.h */ = {isa = PBXFileReference; fileEncoding = 4; lastKnownFileType = sourcecode.c.h; path = "MKAnnotationView+WebCache.h"; sourceTree = "<group>"; };
		93932CC61D545902003A916C /* MKAnnotationView+WebCache.m */ = {isa = PBXFileReference; fileEncoding = 4; lastKnownFileType = sourcecode.c.objc; path = "MKAnnotationView+WebCache.m"; sourceTree = "<group>"; };
		93932CC71D545902003A916C /* NSData+ImageContentType.h */ = {isa = PBXFileReference; fileEncoding = 4; lastKnownFileType = sourcecode.c.h; path = "NSData+ImageContentType.h"; sourceTree = "<group>"; };
		93932CC81D545902003A916C /* NSData+ImageContentType.m */ = {isa = PBXFileReference; fileEncoding = 4; lastKnownFileType = sourcecode.c.objc; path = "NSData+ImageContentType.m"; sourceTree = "<group>"; };
		93932CC91D545902003A916C /* SDImageCache.h */ = {isa = PBXFileReference; fileEncoding = 4; lastKnownFileType = sourcecode.c.h; path = SDImageCache.h; sourceTree = "<group>"; };
		93932CCA1D545902003A916C /* SDImageCache.m */ = {isa = PBXFileReference; fileEncoding = 4; lastKnownFileType = sourcecode.c.objc; path = SDImageCache.m; sourceTree = "<group>"; };
		93932CCB1D545902003A916C /* SDWebImageCompat.h */ = {isa = PBXFileReference; fileEncoding = 4; lastKnownFileType = sourcecode.c.h; path = SDWebImageCompat.h; sourceTree = "<group>"; };
		93932CCC1D545902003A916C /* SDWebImageCompat.m */ = {isa = PBXFileReference; fileEncoding = 4; lastKnownFileType = sourcecode.c.objc; path = SDWebImageCompat.m; sourceTree = "<group>"; };
		93932CCD1D545902003A916C /* SDWebImageDecoder.h */ = {isa = PBXFileReference; fileEncoding = 4; lastKnownFileType = sourcecode.c.h; path = SDWebImageDecoder.h; sourceTree = "<group>"; };
		93932CCE1D545902003A916C /* SDWebImageDecoder.m */ = {isa = PBXFileReference; fileEncoding = 4; lastKnownFileType = sourcecode.c.objc; path = SDWebImageDecoder.m; sourceTree = "<group>"; };
		93932CCF1D545902003A916C /* SDWebImageDownloader.h */ = {isa = PBXFileReference; fileEncoding = 4; lastKnownFileType = sourcecode.c.h; path = SDWebImageDownloader.h; sourceTree = "<group>"; };
		93932CD01D545902003A916C /* SDWebImageDownloader.m */ = {isa = PBXFileReference; fileEncoding = 4; lastKnownFileType = sourcecode.c.objc; path = SDWebImageDownloader.m; sourceTree = "<group>"; };
		93932CD11D545902003A916C /* SDWebImageDownloaderOperation.h */ = {isa = PBXFileReference; fileEncoding = 4; lastKnownFileType = sourcecode.c.h; path = SDWebImageDownloaderOperation.h; sourceTree = "<group>"; };
		93932CD21D545902003A916C /* SDWebImageDownloaderOperation.m */ = {isa = PBXFileReference; fileEncoding = 4; lastKnownFileType = sourcecode.c.objc; path = SDWebImageDownloaderOperation.m; sourceTree = "<group>"; };
		93932CD31D545902003A916C /* SDWebImageManager.h */ = {isa = PBXFileReference; fileEncoding = 4; lastKnownFileType = sourcecode.c.h; path = SDWebImageManager.h; sourceTree = "<group>"; };
		93932CD41D545902003A916C /* SDWebImageManager.m */ = {isa = PBXFileReference; fileEncoding = 4; lastKnownFileType = sourcecode.c.objc; path = SDWebImageManager.m; sourceTree = "<group>"; };
		93932CD51D545902003A916C /* SDWebImageOperation.h */ = {isa = PBXFileReference; fileEncoding = 4; lastKnownFileType = sourcecode.c.h; path = SDWebImageOperation.h; sourceTree = "<group>"; };
		93932CD61D545902003A916C /* SDWebImagePrefetcher.h */ = {isa = PBXFileReference; fileEncoding = 4; lastKnownFileType = sourcecode.c.h; path = SDWebImagePrefetcher.h; sourceTree = "<group>"; };
		93932CD71D545902003A916C /* SDWebImagePrefetcher.m */ = {isa = PBXFileReference; fileEncoding = 4; lastKnownFileType = sourcecode.c.objc; path = SDWebImagePrefetcher.m; sourceTree = "<group>"; };
		93932CD81D545902003A916C /* UIButton+WebCache.h */ = {isa = PBXFileReference; fileEncoding = 4; lastKnownFileType = sourcecode.c.h; path = "UIButton+WebCache.h"; sourceTree = "<group>"; };
		93932CD91D545902003A916C /* UIButton+WebCache.m */ = {isa = PBXFileReference; fileEncoding = 4; lastKnownFileType = sourcecode.c.objc; path = "UIButton+WebCache.m"; sourceTree = "<group>"; };
		93932CDA1D545902003A916C /* UIImage+GIF.h */ = {isa = PBXFileReference; fileEncoding = 4; lastKnownFileType = sourcecode.c.h; path = "UIImage+GIF.h"; sourceTree = "<group>"; };
		93932CDB1D545902003A916C /* UIImage+GIF.m */ = {isa = PBXFileReference; fileEncoding = 4; lastKnownFileType = sourcecode.c.objc; path = "UIImage+GIF.m"; sourceTree = "<group>"; };
		93932CDC1D545902003A916C /* UIImage+MultiFormat.h */ = {isa = PBXFileReference; fileEncoding = 4; lastKnownFileType = sourcecode.c.h; path = "UIImage+MultiFormat.h"; sourceTree = "<group>"; };
		93932CDD1D545902003A916C /* UIImage+MultiFormat.m */ = {isa = PBXFileReference; fileEncoding = 4; lastKnownFileType = sourcecode.c.objc; path = "UIImage+MultiFormat.m"; sourceTree = "<group>"; };
		93932CDE1D545902003A916C /* UIImage+WebP.h */ = {isa = PBXFileReference; fileEncoding = 4; lastKnownFileType = sourcecode.c.h; path = "UIImage+WebP.h"; sourceTree = "<group>"; };
		93932CDF1D545902003A916C /* UIImage+WebP.m */ = {isa = PBXFileReference; fileEncoding = 4; lastKnownFileType = sourcecode.c.objc; path = "UIImage+WebP.m"; sourceTree = "<group>"; };
		93932CE01D545902003A916C /* UIImageView+HighlightedWebCache.h */ = {isa = PBXFileReference; fileEncoding = 4; lastKnownFileType = sourcecode.c.h; path = "UIImageView+HighlightedWebCache.h"; sourceTree = "<group>"; };
		93932CE11D545902003A916C /* UIImageView+HighlightedWebCache.m */ = {isa = PBXFileReference; fileEncoding = 4; lastKnownFileType = sourcecode.c.objc; path = "UIImageView+HighlightedWebCache.m"; sourceTree = "<group>"; };
		93932CE21D545902003A916C /* UIImageView+WebCache.h */ = {isa = PBXFileReference; fileEncoding = 4; lastKnownFileType = sourcecode.c.h; path = "UIImageView+WebCache.h"; sourceTree = "<group>"; };
		93932CE31D545902003A916C /* UIImageView+WebCache.m */ = {isa = PBXFileReference; fileEncoding = 4; lastKnownFileType = sourcecode.c.objc; path = "UIImageView+WebCache.m"; sourceTree = "<group>"; };
		93932CE41D545902003A916C /* UIView+WebCacheOperation.h */ = {isa = PBXFileReference; fileEncoding = 4; lastKnownFileType = sourcecode.c.h; path = "UIView+WebCacheOperation.h"; sourceTree = "<group>"; };
		93932CE51D545902003A916C /* UIView+WebCacheOperation.m */ = {isa = PBXFileReference; fileEncoding = 4; lastKnownFileType = sourcecode.c.objc; path = "UIView+WebCacheOperation.m"; sourceTree = "<group>"; };
		93932CE81D545902003A916C /* en */ = {isa = PBXFileReference; lastKnownFileType = text.plist.strings; name = en; path = en.lproj/UMSocialLocalizable.strings; sourceTree = "<group>"; };
		93932CEA1D545902003A916C /* UMSocial.h */ = {isa = PBXFileReference; fileEncoding = 4; lastKnownFileType = sourcecode.c.h; path = UMSocial.h; sourceTree = "<group>"; };
		93932CEB1D545902003A916C /* UMSocialAccountManager.h */ = {isa = PBXFileReference; fileEncoding = 4; lastKnownFileType = sourcecode.c.h; path = UMSocialAccountManager.h; sourceTree = "<group>"; };
		93932CEC1D545902003A916C /* UMSocialBar.h */ = {isa = PBXFileReference; fileEncoding = 4; lastKnownFileType = sourcecode.c.h; path = UMSocialBar.h; sourceTree = "<group>"; };
		93932CED1D545902003A916C /* UMSocialConfig.h */ = {isa = PBXFileReference; fileEncoding = 4; lastKnownFileType = sourcecode.c.h; path = UMSocialConfig.h; sourceTree = "<group>"; };
		93932CEE1D545902003A916C /* UMSocialControllerService.h */ = {isa = PBXFileReference; fileEncoding = 4; lastKnownFileType = sourcecode.c.h; path = UMSocialControllerService.h; sourceTree = "<group>"; };
		93932CEF1D545902003A916C /* UMSocialControllerServiceComment.h */ = {isa = PBXFileReference; fileEncoding = 4; lastKnownFileType = sourcecode.c.h; path = UMSocialControllerServiceComment.h; sourceTree = "<group>"; };
		93932CF01D545902003A916C /* UMSocialData.h */ = {isa = PBXFileReference; fileEncoding = 4; lastKnownFileType = sourcecode.c.h; path = UMSocialData.h; sourceTree = "<group>"; };
		93932CF11D545902003A916C /* UMSocialDataService.h */ = {isa = PBXFileReference; fileEncoding = 4; lastKnownFileType = sourcecode.c.h; path = UMSocialDataService.h; sourceTree = "<group>"; };
		93932CF21D545902003A916C /* UMSocialSnsData.h */ = {isa = PBXFileReference; fileEncoding = 4; lastKnownFileType = sourcecode.c.h; path = UMSocialSnsData.h; sourceTree = "<group>"; };
		93932CF31D545902003A916C /* UMSocialSnsPlatformManager.h */ = {isa = PBXFileReference; fileEncoding = 4; lastKnownFileType = sourcecode.c.h; path = UMSocialSnsPlatformManager.h; sourceTree = "<group>"; };
		93932CF41D545902003A916C /* UMSocialSnsService.h */ = {isa = PBXFileReference; fileEncoding = 4; lastKnownFileType = sourcecode.c.h; path = UMSocialSnsService.h; sourceTree = "<group>"; };
		93932CF51D545902003A916C /* libUMSocial_Sdk_4.2.3.a */ = {isa = PBXFileReference; lastKnownFileType = archive.ar; path = libUMSocial_Sdk_4.2.3.a; sourceTree = "<group>"; };
		93932CF71D545902003A916C /* UMSCommentDetailController.xib */ = {isa = PBXFileReference; fileEncoding = 4; lastKnownFileType = file.xib; path = UMSCommentDetailController.xib; sourceTree = "<group>"; };
		93932CF81D545902003A916C /* UMSCommentInputController.xib */ = {isa = PBXFileReference; fileEncoding = 4; lastKnownFileType = file.xib; path = UMSCommentInputController.xib; sourceTree = "<group>"; };
		93932CF91D545902003A916C /* UMSCommentInputControlleriPad.xib */ = {isa = PBXFileReference; fileEncoding = 4; lastKnownFileType = file.xib; path = UMSCommentInputControlleriPad.xib; sourceTree = "<group>"; };
		93932CFA1D545902003A916C /* UMShareEditViewController.xib */ = {isa = PBXFileReference; fileEncoding = 4; lastKnownFileType = file.xib; path = UMShareEditViewController.xib; sourceTree = "<group>"; };
		93932CFB1D545902003A916C /* UMShareEditViewControlleriPad.xib */ = {isa = PBXFileReference; fileEncoding = 4; lastKnownFileType = file.xib; path = UMShareEditViewControlleriPad.xib; sourceTree = "<group>"; };
		93932CFC1D545902003A916C /* UMSLoginViewController.xib */ = {isa = PBXFileReference; fileEncoding = 4; lastKnownFileType = file.xib; path = UMSLoginViewController.xib; sourceTree = "<group>"; };
		93932CFD1D545902003A916C /* UMSnsAccountViewController.xib */ = {isa = PBXFileReference; fileEncoding = 4; lastKnownFileType = file.xib; path = UMSnsAccountViewController.xib; sourceTree = "<group>"; };
		93932CFE1D545902003A916C /* UMSShareListController.xib */ = {isa = PBXFileReference; fileEncoding = 4; lastKnownFileType = file.xib; path = UMSShareListController.xib; sourceTree = "<group>"; };
		93932CFF1D545902003A916C /* UMSocialSDKResourcesNew.bundle */ = {isa = PBXFileReference; lastKnownFileType = "wrapper.plug-in"; path = UMSocialSDKResourcesNew.bundle; sourceTree = "<group>"; };
		93932D001D545902003A916C /* zh-Hans */ = {isa = PBXFileReference; lastKnownFileType = text.plist.strings; name = "zh-Hans"; path = "zh-Hans.lproj/UMSocialLocalizable.strings"; sourceTree = "<group>"; };
		93932D031D545902003A916C /* libSocialSina.a */ = {isa = PBXFileReference; lastKnownFileType = archive.ar; path = libSocialSina.a; sourceTree = "<group>"; };
		93932D041D545902003A916C /* UMSocialSinaHandler.h */ = {isa = PBXFileReference; fileEncoding = 4; lastKnownFileType = sourcecode.c.h; path = UMSocialSinaHandler.h; sourceTree = "<group>"; };
		93932D061D545902003A916C /* libSocialWechat.a */ = {isa = PBXFileReference; lastKnownFileType = archive.ar; path = libSocialWechat.a; sourceTree = "<group>"; };
		93932D071D545902003A916C /* libWeChatSDK.a */ = {isa = PBXFileReference; lastKnownFileType = archive.ar; path = libWeChatSDK.a; sourceTree = "<group>"; };
		93932D081D545902003A916C /* UMSocialWechatHandler.h */ = {isa = PBXFileReference; fileEncoding = 4; lastKnownFileType = sourcecode.c.h; path = UMSocialWechatHandler.h; sourceTree = "<group>"; };
		93932D091D545902003A916C /* WXApi.h */ = {isa = PBXFileReference; fileEncoding = 4; lastKnownFileType = sourcecode.c.h; path = WXApi.h; sourceTree = "<group>"; };
		93932D0A1D545902003A916C /* WXApiObject.h */ = {isa = PBXFileReference; fileEncoding = 4; lastKnownFileType = sourcecode.c.h; path = WXApiObject.h; sourceTree = "<group>"; };
		93932D351D545C70003A916C /* SmallDay-Bridging-Header.h */ = {isa = PBXFileReference; lastKnownFileType = sourcecode.c.h; path = "SmallDay-Bridging-Header.h"; sourceTree = "<group>"; };
		93932D361D5461B6003A916C /* MainTabBarController.swift */ = {isa = PBXFileReference; fileEncoding = 4; lastKnownFileType = sourcecode.swift; path = MainTabBarController.swift; sourceTree = "<group>"; };
		93932D391D546456003A916C /* RegExCategories.h */ = {isa = PBXFileReference; fileEncoding = 4; lastKnownFileType = sourcecode.c.h; path = RegExCategories.h; sourceTree = "<group>"; };
		93932D3A1D546456003A916C /* RegExCategories.m */ = {isa = PBXFileReference; fileEncoding = 4; lastKnownFileType = sourcecode.c.objc; path = RegExCategories.m; sourceTree = "<group>"; };
		93932D3C1D546456003A916C /* UIBarButtonItem+wxnBarButtonItem.swift */ = {isa = PBXFileReference; fileEncoding = 4; lastKnownFileType = sourcecode.swift; path = "UIBarButtonItem+wxnBarButtonItem.swift"; sourceTree = "<group>"; };
		93932D3D1D546456003A916C /* UIColor+wnxColor.swift */ = {isa = PBXFileReference; fileEncoding = 4; lastKnownFileType = sourcecode.swift; path = "UIColor+wnxColor.swift"; sourceTree = "<group>"; };
		93932D3E1D546456003A916C /* UIImage+wnxImage.swift */ = {isa = PBXFileReference; fileEncoding = 4; lastKnownFileType = sourcecode.swift; path = "UIImage+wnxImage.swift"; sourceTree = "<group>"; };
		93932D3F1D546456003A916C /* UIImageView+wnxImage.swift */ = {isa = PBXFileReference; fileEncoding = 4; lastKnownFileType = sourcecode.swift; path = "UIImageView+wnxImage.swift"; sourceTree = "<group>"; };
		93932D401D546456003A916C /* UIView+wnxView.swift */ = {isa = PBXFileReference; fileEncoding = 4; lastKnownFileType = sourcecode.swift; path = "UIView+wnxView.swift"; sourceTree = "<group>"; };
		93932D481D546476003A916C /* theme.swift */ = {isa = PBXFileReference; fileEncoding = 4; lastKnownFileType = sourcecode.swift; path = theme.swift; sourceTree = "<group>"; };
		93932D521D5468E9003A916C /* MainNavigationController.swift */ = {isa = PBXFileReference; fileEncoding = 4; lastKnownFileType = sourcecode.swift; path = MainNavigationController.swift; sourceTree = "<group>"; };
		93932D541D54703A003A916C /* MainViewController.swift */ = {isa = PBXFileReference; fileEncoding = 4; lastKnownFileType = sourcecode.swift; path = MainViewController.swift; sourceTree = "<group>"; };
		93932D561D5472D5003A916C /* ExploreViewController.swift */ = {isa = PBXFileReference; fileEncoding = 4; lastKnownFileType = sourcecode.swift; path = ExploreViewController.swift; sourceTree = "<group>"; };
		93932D581D5472F6003A916C /* MeViewController.swift */ = {isa = PBXFileReference; fileEncoding = 4; lastKnownFileType = sourcecode.swift; path = MeViewController.swift; sourceTree = "<group>"; };
		93932D5A1D547323003A916C /* ExperienceViewController.swift */ = {isa = PBXFileReference; fileEncoding = 4; lastKnownFileType = sourcecode.swift; path = ExperienceViewController.swift; sourceTree = "<group>"; };
		93932D5C1D547334003A916C /* ClassifyViewController.swift */ = {isa = PBXFileReference; fileEncoding = 4; lastKnownFileType = sourcecode.swift; path = ClassifyViewController.swift; sourceTree = "<group>"; };
		93AEFB871D542F77001FB004 /* SmallDay.app */ = {isa = PBXFileReference; explicitFileType = wrapper.application; includeInIndex = 0; path = SmallDay.app; sourceTree = BUILT_PRODUCTS_DIR; };
		93AEFB8A1D542F77001FB004 /* AppDelegate.swift */ = {isa = PBXFileReference; lastKnownFileType = sourcecode.swift; name = AppDelegate.swift; path = ../AppDelegate.swift; sourceTree = "<group>"; };
		93AEFB911D542F77001FB004 /* Assets.xcassets */ = {isa = PBXFileReference; lastKnownFileType = folder.assetcatalog; path = Assets.xcassets; sourceTree = "<group>"; };
		93AEFB941D542F77001FB004 /* Base */ = {isa = PBXFileReference; lastKnownFileType = file.storyboard; name = Base; path = Base.lproj/LaunchScreen.storyboard; sourceTree = "<group>"; };
		93AEFB961D542F77001FB004 /* Info.plist */ = {isa = PBXFileReference; lastKnownFileType = text.plist.xml; path = Info.plist; sourceTree = "<group>"; };
		93AEFB9B1D542F77001FB004 /* SmallDayTests.xctest */ = {isa = PBXFileReference; explicitFileType = wrapper.cfbundle; includeInIndex = 0; path = SmallDayTests.xctest; sourceTree = BUILT_PRODUCTS_DIR; };
		93AEFB9F1D542F77001FB004 /* SmallDayTests.swift */ = {isa = PBXFileReference; lastKnownFileType = sourcecode.swift; path = SmallDayTests.swift; sourceTree = "<group>"; };
		93AEFBA11D542F77001FB004 /* Info.plist */ = {isa = PBXFileReference; lastKnownFileType = text.plist.xml; path = Info.plist; sourceTree = "<group>"; };
/* End PBXFileReference section */

/* Begin PBXFrameworksBuildPhase section */
		93AEFB841D542F77001FB004 /* Frameworks */ = {
			isa = PBXFrameworksBuildPhase;
			buildActionMask = 2147483647;
			files = (
				93932D271D545902003A916C /* libUMSocial_Sdk_4.2.3.a in Frameworks */,
				93932D321D545902003A916C /* libSocialWechat.a in Frameworks */,
				93932D331D545902003A916C /* libWeChatSDK.a in Frameworks */,
				93932D311D545902003A916C /* libSocialSina.a in Frameworks */,
			);
			runOnlyForDeploymentPostprocessing = 0;
		};
		93AEFB981D542F77001FB004 /* Frameworks */ = {
			isa = PBXFrameworksBuildPhase;
			buildActionMask = 2147483647;
			files = (
			);
			runOnlyForDeploymentPostprocessing = 0;
		};
/* End PBXFrameworksBuildPhase section */

/* Begin PBXGroup section */
		93932CAA1D545902003A916C /* Classes */ = {
			isa = PBXGroup;
			children = (
				93AEFB8A1D542F77001FB004 /* AppDelegate.swift */,
				93932D351D545C70003A916C /* SmallDay-Bridging-Header.h */,
				93932CAB1D545902003A916C /* BusinessModel */,
				93932CAC1D545902003A916C /* CustomData */,
				93932CAD1D545902003A916C /* imageFile */,
				93932CB21D545902003A916C /* Tools */,
				93932CB31D545902003A916C /* UI */,
				93932CC31D545902003A916C /* Venders */,
			);
			path = Classes;
			sourceTree = "<group>";
		};
		93932CAB1D545902003A916C /* BusinessModel */ = {
			isa = PBXGroup;
			children = (
			);
			path = BusinessModel;
			sourceTree = "<group>";
		};
		93932CAC1D545902003A916C /* CustomData */ = {
			isa = PBXGroup;
			children = (
			);
			path = CustomData;
			sourceTree = "<group>";
		};
		93932CAD1D545902003A916C /* imageFile */ = {
			isa = PBXGroup;
			children = (
				93932CAE1D545902003A916C /* fourpage-375w-667h@2x.jpg */,
				93932CAF1D545902003A916C /* fourpage-414w-736h@3x.jpg */,
				93932CB01D545902003A916C /* fourpage-568h@2x.jpg */,
				93932CB11D545902003A916C /* fourpage@2x.jpg */,
			);
			path = imageFile;
			sourceTree = "<group>";
		};
		93932CB21D545902003A916C /* Tools */ = {
			isa = PBXGroup;
			children = (
			);
			path = Tools;
			sourceTree = "<group>";
		};
		93932CB31D545902003A916C /* UI */ = {
			isa = PBXGroup;
			children = (
				93932CB61D545902003A916C /* Explore */,
				93932CB51D545902003A916C /* Experience */,
				93932CB41D545902003A916C /* Classify */,
				93932CC11D545902003A916C /* Me */,
				93932D381D546456003A916C /* extension */,
				93932CC01D545902003A916C /* Main */,
				93932CC21D545902003A916C /* Other */,
			);
			path = UI;
			sourceTree = "<group>";
		};
		93932CB41D545902003A916C /* Classify */ = {
			isa = PBXGroup;
			children = (
				93932D5C1D547334003A916C /* ClassifyViewController.swift */,
			);
			path = Classify;
			sourceTree = "<group>";
		};
		93932CB51D545902003A916C /* Experience */ = {
			isa = PBXGroup;
			children = (
				93932D5A1D547323003A916C /* ExperienceViewController.swift */,
			);
			path = Experience;
			sourceTree = "<group>";
		};
		93932CB61D545902003A916C /* Explore */ = {
			isa = PBXGroup;
			children = (
				93932D561D5472D5003A916C /* ExploreViewController.swift */,
			);
			path = Explore;
			sourceTree = "<group>";
		};
		93932CC01D545902003A916C /* Main */ = {
			isa = PBXGroup;
			children = (
				93932D361D5461B6003A916C /* MainTabBarController.swift */,
				93932D521D5468E9003A916C /* MainNavigationController.swift */,
				93932D541D54703A003A916C /* MainViewController.swift */,
			);
			path = Main;
			sourceTree = "<group>";
		};
		93932CC11D545902003A916C /* Me */ = {
			isa = PBXGroup;
			children = (
				93932D581D5472F6003A916C /* MeViewController.swift */,
			);
			path = Me;
			sourceTree = "<group>";
		};
		93932CC21D545902003A916C /* Other */ = {
			isa = PBXGroup;
			children = (
				93932D481D546476003A916C /* theme.swift */,
			);
			path = Other;
			sourceTree = "<group>";
		};
		93932CC31D545902003A916C /* Venders */ = {
			isa = PBXGroup;
			children = (
				93932CC41D545902003A916C /* SDWebImage */,
				93932CE61D545902003A916C /* UMSocial_Sdk_4.2.3 */,
				93932D011D545902003A916C /* UMSocial_Sdk_Extra_Frameworks */,
			);
			path = Venders;
			sourceTree = "<group>";
		};
		93932CC41D545902003A916C /* SDWebImage */ = {
			isa = PBXGroup;
			children = (
				93932CC51D545902003A916C /* MKAnnotationView+WebCache.h */,
				93932CC61D545902003A916C /* MKAnnotationView+WebCache.m */,
				93932CC71D545902003A916C /* NSData+ImageContentType.h */,
				93932CC81D545902003A916C /* NSData+ImageContentType.m */,
				93932CC91D545902003A916C /* SDImageCache.h */,
				93932CCA1D545902003A916C /* SDImageCache.m */,
				93932CCB1D545902003A916C /* SDWebImageCompat.h */,
				93932CCC1D545902003A916C /* SDWebImageCompat.m */,
				93932CCD1D545902003A916C /* SDWebImageDecoder.h */,
				93932CCE1D545902003A916C /* SDWebImageDecoder.m */,
				93932CCF1D545902003A916C /* SDWebImageDownloader.h */,
				93932CD01D545902003A916C /* SDWebImageDownloader.m */,
				93932CD11D545902003A916C /* SDWebImageDownloaderOperation.h */,
				93932CD21D545902003A916C /* SDWebImageDownloaderOperation.m */,
				93932CD31D545902003A916C /* SDWebImageManager.h */,
				93932CD41D545902003A916C /* SDWebImageManager.m */,
				93932CD51D545902003A916C /* SDWebImageOperation.h */,
				93932CD61D545902003A916C /* SDWebImagePrefetcher.h */,
				93932CD71D545902003A916C /* SDWebImagePrefetcher.m */,
				93932CD81D545902003A916C /* UIButton+WebCache.h */,
				93932CD91D545902003A916C /* UIButton+WebCache.m */,
				93932CDA1D545902003A916C /* UIImage+GIF.h */,
				93932CDB1D545902003A916C /* UIImage+GIF.m */,
				93932CDC1D545902003A916C /* UIImage+MultiFormat.h */,
				93932CDD1D545902003A916C /* UIImage+MultiFormat.m */,
				93932CDE1D545902003A916C /* UIImage+WebP.h */,
				93932CDF1D545902003A916C /* UIImage+WebP.m */,
				93932CE01D545902003A916C /* UIImageView+HighlightedWebCache.h */,
				93932CE11D545902003A916C /* UIImageView+HighlightedWebCache.m */,
				93932CE21D545902003A916C /* UIImageView+WebCache.h */,
				93932CE31D545902003A916C /* UIImageView+WebCache.m */,
				93932CE41D545902003A916C /* UIView+WebCacheOperation.h */,
				93932CE51D545902003A916C /* UIView+WebCacheOperation.m */,
			);
			path = SDWebImage;
			sourceTree = "<group>";
		};
		93932CE61D545902003A916C /* UMSocial_Sdk_4.2.3 */ = {
			isa = PBXGroup;
			children = (
				93932CE71D545902003A916C /* UMSocialLocalizable.strings */,
				93932CE91D545902003A916C /* Header */,
				93932CF51D545902003A916C /* libUMSocial_Sdk_4.2.3.a */,
				93932CF61D545902003A916C /* SocialSDKXib */,
				93932CFF1D545902003A916C /* UMSocialSDKResourcesNew.bundle */,
			);
			path = UMSocial_Sdk_4.2.3;
			sourceTree = "<group>";
		};
		93932CE91D545902003A916C /* Header */ = {
			isa = PBXGroup;
			children = (
				93932CEA1D545902003A916C /* UMSocial.h */,
				93932CEB1D545902003A916C /* UMSocialAccountManager.h */,
				93932CEC1D545902003A916C /* UMSocialBar.h */,
				93932CED1D545902003A916C /* UMSocialConfig.h */,
				93932CEE1D545902003A916C /* UMSocialControllerService.h */,
				93932CEF1D545902003A916C /* UMSocialControllerServiceComment.h */,
				93932CF01D545902003A916C /* UMSocialData.h */,
				93932CF11D545902003A916C /* UMSocialDataService.h */,
				93932CF21D545902003A916C /* UMSocialSnsData.h */,
				93932CF31D545902003A916C /* UMSocialSnsPlatformManager.h */,
				93932CF41D545902003A916C /* UMSocialSnsService.h */,
			);
			path = Header;
			sourceTree = "<group>";
		};
		93932CF61D545902003A916C /* SocialSDKXib */ = {
			isa = PBXGroup;
			children = (
				93932CF71D545902003A916C /* UMSCommentDetailController.xib */,
				93932CF81D545902003A916C /* UMSCommentInputController.xib */,
				93932CF91D545902003A916C /* UMSCommentInputControlleriPad.xib */,
				93932CFA1D545902003A916C /* UMShareEditViewController.xib */,
				93932CFB1D545902003A916C /* UMShareEditViewControlleriPad.xib */,
				93932CFC1D545902003A916C /* UMSLoginViewController.xib */,
				93932CFD1D545902003A916C /* UMSnsAccountViewController.xib */,
				93932CFE1D545902003A916C /* UMSShareListController.xib */,
			);
			path = SocialSDKXib;
			sourceTree = "<group>";
		};
		93932D011D545902003A916C /* UMSocial_Sdk_Extra_Frameworks */ = {
			isa = PBXGroup;
			children = (
				93932D021D545902003A916C /* Sina */,
				93932D051D545902003A916C /* Wechat */,
			);
			path = UMSocial_Sdk_Extra_Frameworks;
			sourceTree = "<group>";
		};
		93932D021D545902003A916C /* Sina */ = {
			isa = PBXGroup;
			children = (
				93932D031D545902003A916C /* libSocialSina.a */,
				93932D041D545902003A916C /* UMSocialSinaHandler.h */,
			);
			path = Sina;
			sourceTree = "<group>";
		};
		93932D051D545902003A916C /* Wechat */ = {
			isa = PBXGroup;
			children = (
				93932D061D545902003A916C /* libSocialWechat.a */,
				93932D071D545902003A916C /* libWeChatSDK.a */,
				93932D081D545902003A916C /* UMSocialWechatHandler.h */,
				93932D091D545902003A916C /* WXApi.h */,
				93932D0A1D545902003A916C /* WXApiObject.h */,
			);
			path = Wechat;
			sourceTree = "<group>";
		};
		93932D381D546456003A916C /* extension */ = {
			isa = PBXGroup;
			children = (
				93932D391D546456003A916C /* RegExCategories.h */,
				93932D3A1D546456003A916C /* RegExCategories.m */,
				93932D3C1D546456003A916C /* UIBarButtonItem+wxnBarButtonItem.swift */,
				93932D3D1D546456003A916C /* UIColor+wnxColor.swift */,
				93932D3E1D546456003A916C /* UIImage+wnxImage.swift */,
				93932D3F1D546456003A916C /* UIImageView+wnxImage.swift */,
				93932D401D546456003A916C /* UIView+wnxView.swift */,
			);
			path = extension;
			sourceTree = "<group>";
		};
		93AEFB7E1D542F76001FB004 = {
			isa = PBXGroup;
			children = (
				93AEFB891D542F77001FB004 /* SmallDay */,
				93AEFB9E1D542F77001FB004 /* SmallDayTests */,
				93AEFB881D542F77001FB004 /* Products */,
			);
			sourceTree = "<group>";
		};
		93AEFB881D542F77001FB004 /* Products */ = {
			isa = PBXGroup;
			children = (
				93AEFB871D542F77001FB004 /* SmallDay.app */,
				93AEFB9B1D542F77001FB004 /* SmallDayTests.xctest */,
			);
			name = Products;
			sourceTree = "<group>";
		};
		93AEFB891D542F77001FB004 /* SmallDay */ = {
			isa = PBXGroup;
			children = (
				93932CAA1D545902003A916C /* Classes */,
				93AEFB911D542F77001FB004 /* Assets.xcassets */,
				93AEFB931D542F77001FB004 /* LaunchScreen.storyboard */,
				93AEFB961D542F77001FB004 /* Info.plist */,
			);
			path = SmallDay;
			sourceTree = "<group>";
		};
		93AEFB9E1D542F77001FB004 /* SmallDayTests */ = {
			isa = PBXGroup;
			children = (
				93AEFB9F1D542F77001FB004 /* SmallDayTests.swift */,
				93AEFBA11D542F77001FB004 /* Info.plist */,
			);
			path = SmallDayTests;
			sourceTree = "<group>";
		};
/* End PBXGroup section */

/* Begin PBXNativeTarget section */
		93AEFB861D542F77001FB004 /* SmallDay */ = {
			isa = PBXNativeTarget;
			buildConfigurationList = 93AEFBA41D542F77001FB004 /* Build configuration list for PBXNativeTarget "SmallDay" */;
			buildPhases = (
				93AEFB831D542F77001FB004 /* Sources */,
				93AEFB841D542F77001FB004 /* Frameworks */,
				93AEFB851D542F77001FB004 /* Resources */,
			);
			buildRules = (
			);
			dependencies = (
			);
			name = SmallDay;
			productName = SmallDay;
			productReference = 93AEFB871D542F77001FB004 /* SmallDay.app */;
			productType = "com.apple.product-type.application";
		};
		93AEFB9A1D542F77001FB004 /* SmallDayTests */ = {
			isa = PBXNativeTarget;
			buildConfigurationList = 93AEFBA71D542F77001FB004 /* Build configuration list for PBXNativeTarget "SmallDayTests" */;
			buildPhases = (
				93AEFB971D542F77001FB004 /* Sources */,
				93AEFB981D542F77001FB004 /* Frameworks */,
				93AEFB991D542F77001FB004 /* Resources */,
			);
			buildRules = (
			);
			dependencies = (
				93AEFB9D1D542F77001FB004 /* PBXTargetDependency */,
			);
			name = SmallDayTests;
			productName = SmallDayTests;
			productReference = 93AEFB9B1D542F77001FB004 /* SmallDayTests.xctest */;
			productType = "com.apple.product-type.bundle.unit-test";
		};
/* End PBXNativeTarget section */

/* Begin PBXProject section */
		93AEFB7F1D542F76001FB004 /* Project object */ = {
			isa = PBXProject;
			attributes = {
				LastSwiftUpdateCheck = 0730;
				LastUpgradeCheck = 0730;
				ORGANIZATIONNAME = "perhapsdone@163.com";
				TargetAttributes = {
					93AEFB861D542F77001FB004 = {
						CreatedOnToolsVersion = 7.3.1;
					};
					93AEFB9A1D542F77001FB004 = {
						CreatedOnToolsVersion = 7.3.1;
						TestTargetID = 93AEFB861D542F77001FB004;
					};
				};
			};
			buildConfigurationList = 93AEFB821D542F76001FB004 /* Build configuration list for PBXProject "SmallDay" */;
			compatibilityVersion = "Xcode 3.2";
			developmentRegion = English;
			hasScannedForEncodings = 0;
			knownRegions = (
				en,
				Base,
				"zh-Hans",
			);
			mainGroup = 93AEFB7E1D542F76001FB004;
			productRefGroup = 93AEFB881D542F77001FB004 /* Products */;
			projectDirPath = "";
			projectRoot = "";
			targets = (
				93AEFB861D542F77001FB004 /* SmallDay */,
				93AEFB9A1D542F77001FB004 /* SmallDayTests */,
			);
		};
/* End PBXProject section */

/* Begin PBXResourcesBuildPhase section */
		93AEFB851D542F77001FB004 /* Resources */ = {
			isa = PBXResourcesBuildPhase;
			buildActionMask = 2147483647;
			files = (
				93932D281D545902003A916C /* UMSCommentDetailController.xib in Resources */,
				93AEFB951D542F77001FB004 /* LaunchScreen.storyboard in Resources */,
				93AEFB921D542F77001FB004 /* Assets.xcassets in Resources */,
				93932D2F1D545902003A916C /* UMSShareListController.xib in Resources */,
				93932D261D545902003A916C /* UMSocialLocalizable.strings in Resources */,
				93932D2C1D545902003A916C /* UMShareEditViewControlleriPad.xib in Resources */,
				93932D0B1D545902003A916C /* fourpage-375w-667h@2x.jpg in Resources */,
				93932D0E1D545902003A916C /* fourpage@2x.jpg in Resources */,
				93932D0C1D545902003A916C /* fourpage-414w-736h@3x.jpg in Resources */,
				93932D0D1D545902003A916C /* fourpage-568h@2x.jpg in Resources */,
				93932D2B1D545902003A916C /* UMShareEditViewController.xib in Resources */,
				93932D2E1D545902003A916C /* UMSnsAccountViewController.xib in Resources */,
				93932D291D545902003A916C /* UMSCommentInputController.xib in Resources */,
				93932D2D1D545902003A916C /* UMSLoginViewController.xib in Resources */,
				93932D301D545902003A916C /* UMSocialSDKResourcesNew.bundle in Resources */,
				93932D2A1D545902003A916C /* UMSCommentInputControlleriPad.xib in Resources */,
			);
			runOnlyForDeploymentPostprocessing = 0;
		};
		93AEFB991D542F77001FB004 /* Resources */ = {
			isa = PBXResourcesBuildPhase;
			buildActionMask = 2147483647;
			files = (
			);
			runOnlyForDeploymentPostprocessing = 0;
		};
/* End PBXResourcesBuildPhase section */

/* Begin PBXSourcesBuildPhase section */
		93AEFB831D542F77001FB004 /* Sources */ = {
			isa = PBXSourcesBuildPhase;
			buildActionMask = 2147483647;
			files = (
				93932D231D545902003A916C /* UIImageView+HighlightedWebCache.m in Sources */,
				93932D1A1D545902003A916C /* SDWebImageDecoder.m in Sources */,
				93932D371D5461B6003A916C /* MainTabBarController.swift in Sources */,
				93932D5D1D547334003A916C /* ClassifyViewController.swift in Sources */,
				93932D241D545902003A916C /* UIImageView+WebCache.m in Sources */,
				93932D461D546456003A916C /* UIImageView+wnxImage.swift in Sources */,
				93932D491D546476003A916C /* theme.swift in Sources */,
				93932D411D546456003A916C /* RegExCategories.m in Sources */,
				93932D1C1D545902003A916C /* SDWebImageDownloaderOperation.m in Sources */,
				93932D1D1D545902003A916C /* SDWebImageManager.m in Sources */,
				93932D431D546456003A916C /* UIBarButtonItem+wxnBarButtonItem.swift in Sources */,
				93932D1B1D545902003A916C /* SDWebImageDownloader.m in Sources */,
				93932D161D545902003A916C /* MKAnnotationView+WebCache.m in Sources */,
				93932D5B1D547323003A916C /* ExperienceViewController.swift in Sources */,
				93932D571D5472D5003A916C /* ExploreViewController.swift in Sources */,
				93932D191D545902003A916C /* SDWebImageCompat.m in Sources */,
				93932D451D546456003A916C /* UIImage+wnxImage.swift in Sources */,
				93932D1E1D545902003A916C /* SDWebImagePrefetcher.m in Sources */,
				93932D251D545902003A916C /* UIView+WebCacheOperation.m in Sources */,
				93932D471D546456003A916C /* UIView+wnxView.swift in Sources */,
				93932D211D545902003A916C /* UIImage+MultiFormat.m in Sources */,
				93932D441D546456003A916C /* UIColor+wnxColor.swift in Sources */,
				93932D1F1D545902003A916C /* UIButton+WebCache.m in Sources */,
				93932D181D545902003A916C /* SDImageCache.m in Sources */,
				93AEFB8B1D542F77001FB004 /* AppDelegate.swift in Sources */,
				93932D201D545902003A916C /* UIImage+GIF.m in Sources */,
				93932D591D5472F6003A916C /* MeViewController.swift in Sources */,
				93932D171D545902003A916C /* NSData+ImageContentType.m in Sources */,
				93932D551D54703A003A916C /* MainViewController.swift in Sources */,
				93932D531D5468E9003A916C /* MainNavigationController.swift in Sources */,
				93932D221D545902003A916C /* UIImage+WebP.m in Sources */,
			);
			runOnlyForDeploymentPostprocessing = 0;
		};
		93AEFB971D542F77001FB004 /* Sources */ = {
			isa = PBXSourcesBuildPhase;
			buildActionMask = 2147483647;
			files = (
				93AEFBA01D542F77001FB004 /* SmallDayTests.swift in Sources */,
			);
			runOnlyForDeploymentPostprocessing = 0;
		};
/* End PBXSourcesBuildPhase section */

/* Begin PBXTargetDependency section */
		93AEFB9D1D542F77001FB004 /* PBXTargetDependency */ = {
			isa = PBXTargetDependency;
			target = 93AEFB861D542F77001FB004 /* SmallDay */;
			targetProxy = 93AEFB9C1D542F77001FB004 /* PBXContainerItemProxy */;
		};
/* End PBXTargetDependency section */

/* Begin PBXVariantGroup section */
		93932CE71D545902003A916C /* UMSocialLocalizable.strings */ = {
			isa = PBXVariantGroup;
			children = (
				93932CE81D545902003A916C /* en */,
				93932D001D545902003A916C /* zh-Hans */,
			);
			name = UMSocialLocalizable.strings;
			sourceTree = "<group>";
		};
		93AEFB931D542F77001FB004 /* LaunchScreen.storyboard */ = {
			isa = PBXVariantGroup;
			children = (
				93AEFB941D542F77001FB004 /* Base */,
			);
			name = LaunchScreen.storyboard;
			sourceTree = "<group>";
		};
/* End PBXVariantGroup section */

/* Begin XCBuildConfiguration section */
		93AEFBA21D542F77001FB004 /* Debug */ = {
			isa = XCBuildConfiguration;
			buildSettings = {
				ALWAYS_SEARCH_USER_PATHS = NO;
				CLANG_ANALYZER_NONNULL = YES;
				CLANG_CXX_LANGUAGE_STANDARD = "gnu++0x";
				CLANG_CXX_LIBRARY = "libc++";
				CLANG_ENABLE_MODULES = YES;
				CLANG_ENABLE_OBJC_ARC = YES;
				CLANG_WARN_BOOL_CONVERSION = YES;
				CLANG_WARN_CONSTANT_CONVERSION = YES;
				CLANG_WARN_DIRECT_OBJC_ISA_USAGE = YES_ERROR;
				CLANG_WARN_EMPTY_BODY = YES;
				CLANG_WARN_ENUM_CONVERSION = YES;
				CLANG_WARN_INT_CONVERSION = YES;
				CLANG_WARN_OBJC_ROOT_CLASS = YES_ERROR;
				CLANG_WARN_UNREACHABLE_CODE = YES;
				CLANG_WARN__DUPLICATE_METHOD_MATCH = YES;
				"CODE_SIGN_IDENTITY[sdk=iphoneos*]" = "iPhone Developer";
				COPY_PHASE_STRIP = NO;
				DEBUG_INFORMATION_FORMAT = dwarf;
				ENABLE_STRICT_OBJC_MSGSEND = YES;
				ENABLE_TESTABILITY = YES;
				GCC_C_LANGUAGE_STANDARD = gnu99;
				GCC_DYNAMIC_NO_PIC = NO;
				GCC_NO_COMMON_BLOCKS = YES;
				GCC_OPTIMIZATION_LEVEL = 0;
				GCC_PREPROCESSOR_DEFINITIONS = (
					"DEBUG=1",
					"$(inherited)",
				);
				GCC_WARN_64_TO_32_BIT_CONVERSION = YES;
				GCC_WARN_ABOUT_RETURN_TYPE = YES_ERROR;
				GCC_WARN_UNDECLARED_SELECTOR = YES;
				GCC_WARN_UNINITIALIZED_AUTOS = YES_AGGRESSIVE;
				GCC_WARN_UNUSED_FUNCTION = YES;
				GCC_WARN_UNUSED_VARIABLE = YES;
				IPHONEOS_DEPLOYMENT_TARGET = 8.2;
				MTL_ENABLE_DEBUG_INFO = YES;
				ONLY_ACTIVE_ARCH = YES;
				SDKROOT = iphoneos;
				SWIFT_OPTIMIZATION_LEVEL = "-Onone";
				TARGETED_DEVICE_FAMILY = "1,2";
			};
			name = Debug;
		};
		93AEFBA31D542F77001FB004 /* Release */ = {
			isa = XCBuildConfiguration;
			buildSettings = {
				ALWAYS_SEARCH_USER_PATHS = NO;
				CLANG_ANALYZER_NONNULL = YES;
				CLANG_CXX_LANGUAGE_STANDARD = "gnu++0x";
				CLANG_CXX_LIBRARY = "libc++";
				CLANG_ENABLE_MODULES = YES;
				CLANG_ENABLE_OBJC_ARC = YES;
				CLANG_WARN_BOOL_CONVERSION = YES;
				CLANG_WARN_CONSTANT_CONVERSION = YES;
				CLANG_WARN_DIRECT_OBJC_ISA_USAGE = YES_ERROR;
				CLANG_WARN_EMPTY_BODY = YES;
				CLANG_WARN_ENUM_CONVERSION = YES;
				CLANG_WARN_INT_CONVERSION = YES;
				CLANG_WARN_OBJC_ROOT_CLASS = YES_ERROR;
				CLANG_WARN_UNREACHABLE_CODE = YES;
				CLANG_WARN__DUPLICATE_METHOD_MATCH = YES;
				"CODE_SIGN_IDENTITY[sdk=iphoneos*]" = "iPhone Developer";
				COPY_PHASE_STRIP = NO;
				DEBUG_INFORMATION_FORMAT = "dwarf-with-dsym";
				ENABLE_NS_ASSERTIONS = NO;
				ENABLE_STRICT_OBJC_MSGSEND = YES;
				GCC_C_LANGUAGE_STANDARD = gnu99;
				GCC_NO_COMMON_BLOCKS = YES;
				GCC_WARN_64_TO_32_BIT_CONVERSION = YES;
				GCC_WARN_ABOUT_RETURN_TYPE = YES_ERROR;
				GCC_WARN_UNDECLARED_SELECTOR = YES;
				GCC_WARN_UNINITIALIZED_AUTOS = YES_AGGRESSIVE;
				GCC_WARN_UNUSED_FUNCTION = YES;
				GCC_WARN_UNUSED_VARIABLE = YES;
				IPHONEOS_DEPLOYMENT_TARGET = 8.2;
				MTL_ENABLE_DEBUG_INFO = NO;
				SDKROOT = iphoneos;
				TARGETED_DEVICE_FAMILY = "1,2";
				VALIDATE_PRODUCT = YES;
			};
			name = Release;
		};
		93AEFBA51D542F77001FB004 /* Debug */ = {
			isa = XCBuildConfiguration;
			buildSettings = {
				ASSETCATALOG_COMPILER_APPICON_NAME = AppIcon;
				INFOPLIST_FILE = SmallDay/Info.plist;
				IPHONEOS_DEPLOYMENT_TARGET = 8.2;
				LD_RUNPATH_SEARCH_PATHS = "$(inherited) @executable_path/Frameworks";
				LIBRARY_SEARCH_PATHS = (
					"$(inherited)",
					"$(PROJECT_DIR)/SmallDay/Classes/Venders/UMSocial_Sdk_4.2.3",
					"$(PROJECT_DIR)/SmallDay/Classes/Venders/UMSocial_Sdk_Extra_Frameworks/Sina",
					"$(PROJECT_DIR)/SmallDay/Classes/Venders/UMSocial_Sdk_Extra_Frameworks/Wechat",
				);
				PRODUCT_BUNDLE_IDENTIFIER = stago.SmallDay;
				PRODUCT_NAME = "$(TARGET_NAME)";
				SWIFT_OBJC_BRIDGING_HEADER = "/Users/Stago/Desktop/小日子/SmallDay-new/SmallDay/Classes/SmallDay-Bridging-Header.h";
				TARGETED_DEVICE_FAMILY = 1;
			};
			name = Debug;
		};
		93AEFBA61D542F77001FB004 /* Release */ = {
			isa = XCBuildConfiguration;
			buildSettings = {
				ASSETCATALOG_COMPILER_APPICON_NAME = AppIcon;
				INFOPLIST_FILE = SmallDay/Info.plist;
				IPHONEOS_DEPLOYMENT_TARGET = 8.2;
				LD_RUNPATH_SEARCH_PATHS = "$(inherited) @executable_path/Frameworks";
				LIBRARY_SEARCH_PATHS = (
					"$(inherited)",
					"$(PROJECT_DIR)/SmallDay/Classes/Venders/UMSocial_Sdk_4.2.3",
					"$(PROJECT_DIR)/SmallDay/Classes/Venders/UMSocial_Sdk_Extra_Frameworks/Sina",
					"$(PROJECT_DIR)/SmallDay/Classes/Venders/UMSocial_Sdk_Extra_Frameworks/Wechat",
				);
				PRODUCT_BUNDLE_IDENTIFIER = stago.SmallDay;
				PRODUCT_NAME = "$(TARGET_NAME)";
				SWIFT_OBJC_BRIDGING_HEADER = "/Users/Stago/Desktop/小日子/SmallDay-new/SmallDay/Classes/SmallDay-Bridging-Header.h";
				TARGETED_DEVICE_FAMILY = 1;
			};
			name = Release;
		};
		93AEFBA81D542F77001FB004 /* Debug */ = {
			isa = XCBuildConfiguration;
			buildSettings = {
				BUNDLE_LOADER = "$(TEST_HOST)";
				INFOPLIST_FILE = SmallDayTests/Info.plist;
				LD_RUNPATH_SEARCH_PATHS = "$(inherited) @executable_path/Frameworks @loader_path/Frameworks";
				PRODUCT_BUNDLE_IDENTIFIER = stago.SmallDayTests;
				PRODUCT_NAME = "$(TARGET_NAME)";
				TEST_HOST = "$(BUILT_PRODUCTS_DIR)/SmallDay.app/SmallDay";
			};
			name = Debug;
		};
		93AEFBA91D542F77001FB004 /* Release */ = {
			isa = XCBuildConfiguration;
			buildSettings = {
				BUNDLE_LOADER = "$(TEST_HOST)";
				INFOPLIST_FILE = SmallDayTests/Info.plist;
				LD_RUNPATH_SEARCH_PATHS = "$(inherited) @executable_path/Frameworks @loader_path/Frameworks";
				PRODUCT_BUNDLE_IDENTIFIER = stago.SmallDayTests;
				PRODUCT_NAME = "$(TARGET_NAME)";
				TEST_HOST = "$(BUILT_PRODUCTS_DIR)/SmallDay.app/SmallDay";
			};
			name = Release;
		};
/* End XCBuildConfiguration section */

/* Begin XCConfigurationList section */
		93AEFB821D542F76001FB004 /* Build configuration list for PBXProject "SmallDay" */ = {
			isa = XCConfigurationList;
			buildConfigurations = (
				93AEFBA21D542F77001FB004 /* Debug */,
				93AEFBA31D542F77001FB004 /* Release */,
			);
			defaultConfigurationIsVisible = 0;
			defaultConfigurationName = Release;
		};
		93AEFBA41D542F77001FB004 /* Build configuration list for PBXNativeTarget "SmallDay" */ = {
			isa = XCConfigurationList;
			buildConfigurations = (
				93AEFBA51D542F77001FB004 /* Debug */,
				93AEFBA61D542F77001FB004 /* Release */,
			);
			defaultConfigurationIsVisible = 0;
			defaultConfigurationName = Release;
		};
		93AEFBA71D542F77001FB004 /* Build configuration list for PBXNativeTarget "SmallDayTests" */ = {
			isa = XCConfigurationList;
			buildConfigurations = (
				93AEFBA81D542F77001FB004 /* Debug */,
				93AEFBA91D542F77001FB004 /* Release */,
			);
			defaultConfigurationIsVisible = 0;
			defaultConfigurationName = Release;
		};
/* End XCConfigurationList section */
	};
	rootObject = 93AEFB7F1D542F76001FB004 /* Project object */;
}
